
Microsoft Visual Studio Solution File, Format Version 12.00
# Visual Studio Version 17
VisualStudioVersion = 17.4.33213.308
MinimumVisualStudioVersion = 10.0.40219.1
Project("{FAE04EC0-301F-11D3-BF4B-00C04F79EFBC}") = "Cards_Game", "Cards_Game\Cards_Game.csproj", "{5ACE9DB1-C45B-4CD6-BD54-3394C8B8C73C}"
EndProject
Global
	GlobalSection(SolutionConfigurationPlatforms) = preSolution
		Debug|Any CPU = Debug|Any CPU
		Release|Any CPU = Release|Any CPU
	EndGlobalSection
	GlobalSection(ProjectConfigurationPlatforms) = postSolution
		{5ACE9DB1-C45B-4CD6-BD54-3394C8B8C73C}.Debug|Any CPU.ActiveCfg = Debug|Any CPU
		{5ACE9DB1-C45B-4CD6-BD54-3394C8B8C73C}.Debug|Any CPU.Build.0 = Debug|Any CPU
		{5ACE9DB1-C45B-4CD6-BD54-3394C8B8C73C}.Release|Any CPU.ActiveCfg = Release|Any CPU
		{5ACE9DB1-C45B-4CD6-BD54-3394C8B8C73C}.Release|Any CPU.Build.0 = Release|Any CPU
	EndGlobalSection
	GlobalSection(SolutionProperties) = preSolution
		HideSolutionNode = FALSE
	EndGlobalSection
	GlobalSection(ExtensibilityGlobals) = postSolution
		SolutionGuid = {8D484353-19BA-4C83-8B2A-62A5A3341507}
	EndGlobalSection
EndGlobal
